<?xml version="1.0" encoding="utf-8"?>
<Project ToolsVersion="4.0" xmlns="http://schemas.microsoft.com/developer/msbuild/2003">
  <ItemGroup>
    <Filter Include="Source Files">
      <UniqueIdentifier>{9f11b160-67f4-45d7-bbec-3263941f6c9d}</UniqueIdentifier>
      <Extensions>cpp;c;cxx;def;odl;idl;hpj;bat;asm</Extensions>
    </Filter>
    <Filter Include="Header Files">
      <UniqueIdentifier>{45548ccd-6e68-4c87-8e09-4c55ceb4c8d4}</UniqueIdentifier>
      <Extensions>h;hpp;hxx;hm;inl;inc</Extensions>
    </Filter>
    <Filter Include="Resource Files">
      <UniqueIdentifier>{0c7914f8-d514-4880-b1fb-330369e2aeda}</UniqueIdentifier>
      <Extensions>rc;ico;cur;bmp;dlg;rc2;rct;bin;rgs;jpg;jpeg;jpe;manifest</Extensions>
    </Filter>
    <Filter Include="NeZipDrv">
      <UniqueIdentifier>{b22beacd-f21b-46ec-8794-81563b68bd11}</UniqueIdentifier>
    </Filter>
  </ItemGroup>
  <ItemGroup>
    <ClCompile Include="MainDlg.cpp">
      <Filter>Source Files</Filter>
    </ClCompile>
    <ClCompile Include="NeZipDrv.cpp">
      <Filter>Source Files</Filter>
    </ClCompile>
    <ClCompile Include="stdafx.cpp">
      <Filter>Source Files</Filter>
    </ClCompile>
    <ClCompile Include="StkStorage.cpp">
      <Filter>Source Files</Filter>
    </ClCompile>
    <ClCompile Include="DataWriteQueue.cpp">
      <Filter>Source Files</Filter>
    </ClCompile>
    <ClCompile Include="inifile.cpp">
      <Filter>Source Files</Filter>
    </ClCompile>
    <ClCompile Include="mysqldb.cpp">
      <Filter>Source Files</Filter>
    </ClCompile>
    <ClCompile Include="charconv.cpp">
      <Filter>Source Files</Filter>
    </ClCompile>
    <ClCompile Include="mysqlwriter.cpp">
      <Filter>Source Files</Filter>
    </ClCompile>
    <ClCompile Include="format.cc">
      <Filter>Source Files</Filter>
    </ClCompile>
  </ItemGroup>
  <ItemGroup>
    <ClInclude Include="MainDlg.h">
      <Filter>Header Files</Filter>
    </ClInclude>
    <ClInclude Include="NeZipDrv.h">
      <Filter>Header Files</Filter>
    </ClInclude>
    <ClInclude Include="resource.h">
      <Filter>Header Files</Filter>
    </ClInclude>
    <ClInclude Include="stdafx.h">
      <Filter>Header Files</Filter>
    </ClInclude>
    <ClInclude Include="NeZipDrv\Stockdrv.h">
      <Filter>NeZipDrv</Filter>
    </ClInclude>
    <ClInclude Include="DataWriteQueue.h">
      <Filter>Header Files</Filter>
    </ClInclude>
    <ClInclude Include="decimal.h">
      <Filter>Header Files</Filter>
    </ClInclude>
    <ClInclude Include="format.h">
      <Filter>Header Files</Filter>
    </ClInclude>
    <ClInclude Include="inifile.h">
      <Filter>Header Files</Filter>
    </ClInclude>
    <ClInclude Include="mysqldb.h">
      <Filter>Header Files</Filter>
    </ClInclude>
    <ClInclude Include="strutil.h">
      <Filter>Header Files</Filter>
    </ClInclude>
    <ClInclude Include="BoostFile.h">
      <Filter>Header Files</Filter>
    </ClInclude>
    <ClInclude Include="charconv.h">
      <Filter>Header Files</Filter>
    </ClInclude>
    <ClInclude Include="mysqlwriter.h">
      <Filter>Header Files</Filter>
    </ClInclude>
    <ClInclude Include="dtz.h">
      <Filter>Header Files</Filter>
    </ClInclude>
  </ItemGroup>
  <ItemGroup>
    <Image Include="res\StkStorage.ico">
      <Filter>Resource Files</Filter>
    </Image>
  </ItemGroup>
  <ItemGroup>
    <ResourceCompile Include="StkStorage.rc">
      <Filter>Resource Files</Filter>
    </ResourceCompile>
  </ItemGroup>
</Project>