
Microsoft Visual Studio Solution File, Format Version 12.00
# Visual Studio 2013
VisualStudioVersion = 12.0.40629.0
MinimumVisualStudioVersion = 10.0.40219.1
Project("{8BC9CEB8-8B4A-11D0-8D11-00A0C91BC942}") = "StkStorage", "StkStorage.vcxproj", "{94B89E97-9AE0-4A74-87CB-6ED5D9AD36E4}"
EndProject
Global
	GlobalSection(SolutionConfigurationPlatforms) = preSolution
		Debug|Win32 = Debug|Win32
		Release|Win32 = Release|Win32
	EndGlobalSection
	GlobalSection(ProjectConfigurationPlatforms) = postSolution
		{94B89E97-9AE0-4A74-87CB-6ED5D9AD36E4}.Debug|Win32.ActiveCfg = Debug|Win32
		{94B89E97-9AE0-4A74-87CB-6ED5D9AD36E4}.Debug|Win32.Build.0 = Debug|Win32
		{94B89E97-9AE0-4A74-87CB-6ED5D9AD36E4}.Release|Win32.ActiveCfg = Release|Win32
		{94B89E97-9AE0-4A74-87CB-6ED5D9AD36E4}.Release|Win32.Build.0 = Release|Win32
	EndGlobalSection
	GlobalSection(SolutionProperties) = preSolution
		HideSolutionNode = FALSE
	EndGlobalSection
EndGlobal
